
Microsoft Visual Studio Solution File, Format Version 12.00
# Visual Studio Version 17
VisualStudioVersion = 17.5.002.0
MinimumVisualStudioVersion = 10.0.40219.1
Project("{9A19103F-16F7-4668-BE54-9A1E7A4F7556}") = "N1TestApi", "N1TestApi.csproj", "{11C9B793-A610-43A7-A111-431B900FCFDF}"
EndProject
Global
	GlobalSection(SolutionConfigurationPlatforms) = preSolution
		Debug|Any CPU = Debug|Any CPU
		Release|Any CPU = Release|Any CPU
	EndGlobalSection
	GlobalSection(ProjectConfigurationPlatforms) = postSolution
		{11C9B793-A610-43A7-A111-431B900FCFDF}.Debug|Any CPU.ActiveCfg = Debug|Any CPU
		{11C9B793-A610-43A7-A111-431B900FCFDF}.Debug|Any CPU.Build.0 = Debug|Any CPU
		{11C9B793-A610-43A7-A111-431B900FCFDF}.Release|Any CPU.ActiveCfg = Release|Any CPU
		{11C9B793-A610-43A7-A111-431B900FCFDF}.Release|Any CPU.Build.0 = Release|Any CPU
	EndGlobalSection
	GlobalSection(SolutionProperties) = preSolution
		HideSolutionNode = FALSE
	EndGlobalSection
	GlobalSection(ExtensibilityGlobals) = postSolution
		SolutionGuid = {B246E87A-813F-4901-AD46-9C835F2B2C8C}
	EndGlobalSection
EndGlobal
